<?xml version="1.0" encoding="utf-8"?>
<Project ToolsVersion="4.0" xmlns="http://schemas.microsoft.com/developer/msbuild/2003">
  <ItemGroup>
    <Filter Include="game">
      <UniqueIdentifier>{9F35977C-8B6C-980D-3459-7E10206F140F}</UniqueIdentifier>
    </Filter>
    <Filter Include="gfx">
      <UniqueIdentifier>{AA76880B-1680-887C-9FFB-9E7C0B04947C}</UniqueIdentifier>
    </Filter>
    <Filter Include="misc">
      <UniqueIdentifier>{B1A29A7C-9DD9-9B0D-46C6-811032DC170F}</UniqueIdentifier>
    </Filter>
    <Filter Include="shader">
      <UniqueIdentifier>{1C21B11B-08C3-DBF1-F17D-EF45DDBE6242}</UniqueIdentifier>
    </Filter>
    <Filter Include="src">
      <UniqueIdentifier>{2DAB880B-99B4-887C-2230-9F7C8E38947C}</UniqueIdentifier>
    </Filter>
    <Filter Include="vendor">
      <UniqueIdentifier>{B3738122-9F15-ACF8-88D0-BF4C74113349}</UniqueIdentifier>
    </Filter>
    <Filter Include="vendor\imgui">
      <UniqueIdentifier>{5D3BD0F0-499E-5F95-F223-984BDE652B18}</UniqueIdentifier>
    </Filter>
  </ItemGroup>
  <ItemGroup>
    <ClInclude Include="game\Sandbox.h">
      <Filter>game</Filter>
    </ClInclude>
    <ClInclude Include="gfx\Renderer.h">
      <Filter>gfx</Filter>
    </ClInclude>
    <ClInclude Include="gfx\TextureManager.h">
      <Filter>gfx</Filter>
    </ClInclude>
    <ClInclude Include="gfx\graphics.h">
      <Filter>gfx</Filter>
    </ClInclude>
    <ClInclude Include="gfx\indexBuffer.h">
      <Filter>gfx</Filter>
    </ClInclude>
    <ClInclude Include="gfx\vertexArray.h">
      <Filter>gfx</Filter>
    </ClInclude>
    <ClInclude Include="gfx\vertexBuffer.h">
      <Filter>gfx</Filter>
    </ClInclude>
    <ClInclude Include="misc\AudioManager.h">
      <Filter>misc</Filter>
    </ClInclude>
    <ClInclude Include="misc\Camera.h">
      <Filter>misc</Filter>
    </ClInclude>
    <ClInclude Include="misc\Input.h">
      <Filter>misc</Filter>
    </ClInclude>
    <ClInclude Include="shader\shader.h">
      <Filter>shader</Filter>
    </ClInclude>
    <ClInclude Include="src\Application.h">
      <Filter>src</Filter>
    </ClInclude>
    <ClInclude Include="src\Init.h">
      <Filter>src</Filter>
    </ClInclude>
    <ClInclude Include="vendor\imgui\imconfig.h">
      <Filter>vendor\imgui</Filter>
    </ClInclude>
    <ClInclude Include="vendor\imgui\imgui.h">
      <Filter>vendor\imgui</Filter>
    </ClInclude>
    <ClInclude Include="vendor\imgui\imgui_impl_glfw.h">
      <Filter>vendor\imgui</Filter>
    </ClInclude>
    <ClInclude Include="vendor\imgui\imgui_impl_opengl3.h">
      <Filter>vendor\imgui</Filter>
    </ClInclude>
    <ClInclude Include="vendor\imgui\imgui_impl_opengl3_loader.h">
      <Filter>vendor\imgui</Filter>
    </ClInclude>
    <ClInclude Include="vendor\imgui\imgui_internal.h">
      <Filter>vendor\imgui</Filter>
    </ClInclude>
    <ClInclude Include="vendor\imgui\imstb_rectpack.h">
      <Filter>vendor\imgui</Filter>
    </ClInclude>
    <ClInclude Include="vendor\imgui\imstb_textedit.h">
      <Filter>vendor\imgui</Filter>
    </ClInclude>
    <ClInclude Include="vendor\imgui\imstb_truetype.h">
      <Filter>vendor\imgui</Filter>
    </ClInclude>
    <ClInclude Include="vendor\stb_image.h">
      <Filter>vendor</Filter>
    </ClInclude>
    <ClInclude Include="game\Player.h" />
    <ClInclude Include="game\Entity.h" />
    <ClInclude Include="game\EntityManager.h" />
    <ClInclude Include="game\Rain.h" />
    <ClInclude Include="game\Bolt.h" />
    <ClInclude Include="game\Storm.h" />
    <ClInclude Include="game\Spawner.h" />
    <ClInclude Include="resource.h" />
  </ItemGroup>
  <ItemGroup>
    <ClCompile Include="game\Sandbox.cpp">
      <Filter>game</Filter>
    </ClCompile>
    <ClCompile Include="gfx\Renderer.cpp">
      <Filter>gfx</Filter>
    </ClCompile>
    <ClCompile Include="gfx\TextureManager.cpp">
      <Filter>gfx</Filter>
    </ClCompile>
    <ClCompile Include="gfx\indexBuffer.cpp">
      <Filter>gfx</Filter>
    </ClCompile>
    <ClCompile Include="gfx\vertexArray.cpp">
      <Filter>gfx</Filter>
    </ClCompile>
    <ClCompile Include="gfx\vertexBuffer.cpp">
      <Filter>gfx</Filter>
    </ClCompile>
    <ClCompile Include="misc\AudioManager.cpp">
      <Filter>misc</Filter>
    </ClCompile>
    <ClCompile Include="misc\Camera.cpp">
      <Filter>misc</Filter>
    </ClCompile>
    <ClCompile Include="misc\Input.cpp">
      <Filter>misc</Filter>
    </ClCompile>
    <ClCompile Include="shader\shader.cpp">
      <Filter>shader</Filter>
    </ClCompile>
    <ClCompile Include="src\Application.cpp">
      <Filter>src</Filter>
    </ClCompile>
    <ClCompile Include="src\main.cpp">
      <Filter>src</Filter>
    </ClCompile>
    <ClCompile Include="vendor\glad.c">
      <Filter>vendor</Filter>
    </ClCompile>
    <ClCompile Include="vendor\imgui\imgui.cpp">
      <Filter>vendor\imgui</Filter>
    </ClCompile>
    <ClCompile Include="vendor\imgui\imgui_demo.cpp">
      <Filter>vendor\imgui</Filter>
    </ClCompile>
    <ClCompile Include="vendor\imgui\imgui_draw.cpp">
      <Filter>vendor\imgui</Filter>
    </ClCompile>
    <ClCompile Include="vendor\imgui\imgui_impl_glfw.cpp">
      <Filter>vendor\imgui</Filter>
    </ClCompile>
    <ClCompile Include="vendor\imgui\imgui_impl_opengl3.cpp">
      <Filter>vendor\imgui</Filter>
    </ClCompile>
    <ClCompile Include="vendor\imgui\imgui_tables.cpp">
      <Filter>vendor\imgui</Filter>
    </ClCompile>
    <ClCompile Include="vendor\imgui\imgui_widgets.cpp">
      <Filter>vendor\imgui</Filter>
    </ClCompile>
    <ClCompile Include="vendor\t.cpp">
      <Filter>vendor</Filter>
    </ClCompile>
    <ClCompile Include="game\Player.cpp" />
    <ClCompile Include="game\Entity.cpp" />
    <ClCompile Include="game\EntityManager.cpp" />
    <ClCompile Include="game\Rain.cpp" />
    <ClCompile Include="game\Bolt.cpp" />
    <ClCompile Include="game\Storm.cpp" />
    <ClCompile Include="game\Spawner.cpp" />
  </ItemGroup>
  <ItemGroup>
    <ResourceCompile Include="UmbrelaGameEngine.rc" />
  </ItemGroup>
  <ItemGroup>
    <Image Include="img\icon.ico" />
  </ItemGroup>
</Project>